Microsoft Visual Studio Solution File, Format Version 10.00
# Visual Studio 2008
Project("{FAE04EC0-301F-11D3-BF4B-00C04F79EFBC}") = "GUI", "GUI\GUI.csproj", "{A2E51BDC-08D5-44C1-A579-39A722748ADB}"
EndProject
Project("{FAE04EC0-301F-11D3-BF4B-00C04F79EFBC}") = "Northwind.DAL", "DAL\Northwind.DAL.csproj", "{6483A5F6-E5CF-4EC7-A39D-468305CA2508}"
EndProject
Global
	GlobalSection(SolutionConfigurationPlatforms) = preSolution
		Debug|Any CPU = Debug|Any CPU
		Release|Any CPU = Release|Any CPU
	EndGlobalSection
	GlobalSection(ProjectConfigurationPlatforms) = postSolution
		{A2E51BDC-08D5-44C1-A579-39A722748ADB}.Debug|Any CPU.ActiveCfg = Debug|Any CPU
		{A2E51BDC-08D5-44C1-A579-39A722748ADB}.Debug|Any CPU.Build.0 = Debug|Any CPU
		{A2E51BDC-08D5-44C1-A579-39A722748ADB}.Release|Any CPU.ActiveCfg = Release|Any CPU
		{A2E51BDC-08D5-44C1-A579-39A722748ADB}.Release|Any CPU.Build.0 = Release|Any CPU
		{6483A5F6-E5CF-4EC7-A39D-468305CA2508}.Debug|Any CPU.ActiveCfg = Debug|Any CPU
		{6483A5F6-E5CF-4EC7-A39D-468305CA2508}.Debug|Any CPU.Build.0 = Debug|Any CPU
		{6483A5F6-E5CF-4EC7-A39D-468305CA2508}.Release|Any CPU.ActiveCfg = Release|Any CPU
		{6483A5F6-E5CF-4EC7-A39D-468305CA2508}.Release|Any CPU.Build.0 = Release|Any CPU
	EndGlobalSection
	GlobalSection(SolutionProperties) = preSolution
		HideSolutionNode = FALSE
	EndGlobalSection
EndGlobal
